// !$*UTF8*$!
{
	archiveVersion = 1;
	classes = {
	};
	objectVersion = 55;
	objects = {

/* Begin PBXBuildFile section */
		76B6A4C628E1FA48008249A8 /* ChessAppApp.swift in Sources */ = {isa = PBXBuildFile; fileRef = 76B6A4C528E1FA48008249A8 /* ChessAppApp.swift */; };
		76B6A4C828E1FA48008249A8 /* ContentView.swift in Sources */ = {isa = PBXBuildFile; fileRef = 76B6A4C728E1FA48008249A8 /* ContentView.swift */; };
		76B6A4CA28E1FA4C008249A8 /* Assets.xcassets in Resources */ = {isa = PBXBuildFile; fileRef = 76B6A4C928E1FA4C008249A8 /* Assets.xcassets */; };
		76B6A4CD28E1FA4C008249A8 /* Preview Assets.xcassets in Resources */ = {isa = PBXBuildFile; fileRef = 76B6A4CC28E1FA4C008249A8 /* Preview Assets.xcassets */; };
		76B6A4D728E1FA4C008249A8 /* ChessAppTests.swift in Sources */ = {isa = PBXBuildFile; fileRef = 76B6A4D628E1FA4C008249A8 /* ChessAppTests.swift */; };
		76B6A4F028E2D9E6008249A8 /* Board.swift in Sources */ = {isa = PBXBuildFile; fileRef = 76B6A4EF28E2D9E6008249A8 /* Board.swift */; };
		76B6A4F328E2F25F008249A8 /* Pawn.swift in Sources */ = {isa = PBXBuildFile; fileRef = 76B6A4F228E2F25F008249A8 /* Pawn.swift */; };
		76B6A4F528E2F26D008249A8 /* PlayerType.swift in Sources */ = {isa = PBXBuildFile; fileRef = 76B6A4F428E2F26D008249A8 /* PlayerType.swift */; };
		76B6A4F728E313B5008249A8 /* Player.swift in Sources */ = {isa = PBXBuildFile; fileRef = 76B6A4F628E313B5008249A8 /* Player.swift */; };
		76B6A4F928E315E6008249A8 /* Coordinates.swift in Sources */ = {isa = PBXBuildFile; fileRef = 76B6A4F828E315E6008249A8 /* Coordinates.swift */; };
		76D5A90A28E3488700688046 /* MockPlayer.swift in Sources */ = {isa = PBXBuildFile; fileRef = 76D5A90928E3488700688046 /* MockPlayer.swift */; };
		76D5A90C28E352F300688046 /* Match.swift in Sources */ = {isa = PBXBuildFile; fileRef = 76D5A90B28E352F300688046 /* Match.swift */; };
/* End PBXBuildFile section */

/* Begin PBXContainerItemProxy section */
		76B6A4D328E1FA4C008249A8 /* PBXContainerItemProxy */ = {
			isa = PBXContainerItemProxy;
			containerPortal = 76B6A4BA28E1FA47008249A8 /* Project object */;
			proxyType = 1;
			remoteGlobalIDString = 76B6A4C128E1FA47008249A8;
			remoteInfo = ChessApp;
		};
/* End PBXContainerItemProxy section */

/* Begin PBXFileReference section */
		76B6A4C228E1FA48008249A8 /* ChessApp.app */ = {isa = PBXFileReference; explicitFileType = wrapper.application; includeInIndex = 0; path = ChessApp.app; sourceTree = BUILT_PRODUCTS_DIR; };
		76B6A4C528E1FA48008249A8 /* ChessAppApp.swift */ = {isa = PBXFileReference; lastKnownFileType = sourcecode.swift; path = ChessAppApp.swift; sourceTree = "<group>"; };
		76B6A4C728E1FA48008249A8 /* ContentView.swift */ = {isa = PBXFileReference; lastKnownFileType = sourcecode.swift; path = ContentView.swift; sourceTree = "<group>"; };
		76B6A4C928E1FA4C008249A8 /* Assets.xcassets */ = {isa = PBXFileReference; lastKnownFileType = folder.assetcatalog; path = Assets.xcassets; sourceTree = "<group>"; };
		76B6A4CC28E1FA4C008249A8 /* Preview Assets.xcassets */ = {isa = PBXFileReference; lastKnownFileType = folder.assetcatalog; path = "Preview Assets.xcassets"; sourceTree = "<group>"; };
		76B6A4D228E1FA4C008249A8 /* ChessAppTests.xctest */ = {isa = PBXFileReference; explicitFileType = wrapper.cfbundle; includeInIndex = 0; path = ChessAppTests.xctest; sourceTree = BUILT_PRODUCTS_DIR; };
		76B6A4D628E1FA4C008249A8 /* ChessAppTests.swift */ = {isa = PBXFileReference; lastKnownFileType = sourcecode.swift; path = ChessAppTests.swift; sourceTree = "<group>"; };
		76B6A4EF28E2D9E6008249A8 /* Board.swift */ = {isa = PBXFileReference; lastKnownFileType = sourcecode.swift; path = Board.swift; sourceTree = "<group>"; };
		76B6A4F228E2F25F008249A8 /* Pawn.swift */ = {isa = PBXFileReference; lastKnownFileType = sourcecode.swift; path = Pawn.swift; sourceTree = "<group>"; };
		76B6A4F428E2F26D008249A8 /* PlayerType.swift */ = {isa = PBXFileReference; lastKnownFileType = sourcecode.swift; path = PlayerType.swift; sourceTree = "<group>"; };
		76B6A4F628E313B5008249A8 /* Player.swift */ = {isa = PBXFileReference; lastKnownFileType = sourcecode.swift; path = Player.swift; sourceTree = "<group>"; };
		76B6A4F828E315E6008249A8 /* Coordinates.swift */ = {isa = PBXFileReference; lastKnownFileType = sourcecode.swift; path = Coordinates.swift; sourceTree = "<group>"; };
		76D5A90928E3488700688046 /* MockPlayer.swift */ = {isa = PBXFileReference; lastKnownFileType = sourcecode.swift; path = MockPlayer.swift; sourceTree = "<group>"; };
		76D5A90B28E352F300688046 /* Match.swift */ = {isa = PBXFileReference; lastKnownFileType = sourcecode.swift; path = Match.swift; sourceTree = "<group>"; };
/* End PBXFileReference section */

/* Begin PBXFrameworksBuildPhase section */
		76B6A4BF28E1FA47008249A8 /* Frameworks */ = {
			isa = PBXFrameworksBuildPhase;
			buildActionMask = 2147483647;
			files = (
			);
			runOnlyForDeploymentPostprocessing = 0;
		};
		76B6A4CF28E1FA4C008249A8 /* Frameworks */ = {
			isa = PBXFrameworksBuildPhase;
			buildActionMask = 2147483647;
			files = (
			);
			runOnlyForDeploymentPostprocessing = 0;
		};
/* End PBXFrameworksBuildPhase section */

/* Begin PBXGroup section */
		76B6A4B928E1FA47008249A8 = {
			isa = PBXGroup;
			children = (
				76B6A4C428E1FA48008249A8 /* ChessApp */,
				76B6A4D528E1FA4C008249A8 /* ChessAppTests */,
				76B6A4C328E1FA48008249A8 /* Products */,
			);
			sourceTree = "<group>";
		};
		76B6A4C328E1FA48008249A8 /* Products */ = {
			isa = PBXGroup;
			children = (
				76B6A4C228E1FA48008249A8 /* ChessApp.app */,
				76B6A4D228E1FA4C008249A8 /* ChessAppTests.xctest */,
			);
			name = Products;
			sourceTree = "<group>";
		};
		76B6A4C428E1FA48008249A8 /* ChessApp */ = {
			isa = PBXGroup;
			children = (
				76D5A90828E333F400688046 /* Resource */,
				76B6A4F128E2F250008249A8 /* Model */,
				76B6A4C528E1FA48008249A8 /* ChessAppApp.swift */,
				76B6A4C728E1FA48008249A8 /* ContentView.swift */,
				76B6A4CB28E1FA4C008249A8 /* Preview Content */,
			);
			path = ChessApp;
			sourceTree = "<group>";
		};
		76B6A4CB28E1FA4C008249A8 /* Preview Content */ = {
			isa = PBXGroup;
			children = (
				76B6A4CC28E1FA4C008249A8 /* Preview Assets.xcassets */,
			);
			path = "Preview Content";
			sourceTree = "<group>";
		};
		76B6A4D528E1FA4C008249A8 /* ChessAppTests */ = {
			isa = PBXGroup;
			children = (
				76B6A4D628E1FA4C008249A8 /* ChessAppTests.swift */,
				76D5A90928E3488700688046 /* MockPlayer.swift */,
			);
			path = ChessAppTests;
			sourceTree = "<group>";
		};
		76B6A4F128E2F250008249A8 /* Model */ = {
			isa = PBXGroup;
			children = (
				76B6A4EF28E2D9E6008249A8 /* Board.swift */,
				76B6A4F228E2F25F008249A8 /* Pawn.swift */,
				76B6A4F428E2F26D008249A8 /* PlayerType.swift */,
				76B6A4F628E313B5008249A8 /* Player.swift */,
				76B6A4F828E315E6008249A8 /* Coordinates.swift */,
				76D5A90B28E352F300688046 /* Match.swift */,
			);
			path = Model;
			sourceTree = "<group>";
		};
		76D5A90828E333F400688046 /* Resource */ = {
			isa = PBXGroup;
			children = (
				76B6A4C928E1FA4C008249A8 /* Assets.xcassets */,
			);
			path = Resource;
			sourceTree = "<group>";
		};
/* End PBXGroup section */

/* Begin PBXNativeTarget section */
		76B6A4C128E1FA47008249A8 /* ChessApp */ = {
			isa = PBXNativeTarget;
			buildConfigurationList = 76B6A4E628E1FA4D008249A8 /* Build configuration list for PBXNativeTarget "ChessApp" */;
			buildPhases = (
				76B6A4BE28E1FA47008249A8 /* Sources */,
				76B6A4BF28E1FA47008249A8 /* Frameworks */,
				76B6A4C028E1FA47008249A8 /* Resources */,
			);
			buildRules = (
			);
			dependencies = (
			);
			name = ChessApp;
			productName = ChessApp;
			productReference = 76B6A4C228E1FA48008249A8 /* ChessApp.app */;
			productType = "com.apple.product-type.application";
		};
		76B6A4D128E1FA4C008249A8 /* ChessAppTests */ = {
			isa = PBXNativeTarget;
			buildConfigurationList = 76B6A4E928E1FA4D008249A8 /* Build configuration list for PBXNativeTarget "ChessAppTests" */;
			buildPhases = (
				76B6A4CE28E1FA4C008249A8 /* Sources */,
				76B6A4CF28E1FA4C008249A8 /* Frameworks */,
				76B6A4D028E1FA4C008249A8 /* Resources */,
			);
			buildRules = (
			);
			dependencies = (
				76B6A4D428E1FA4C008249A8 /* PBXTargetDependency */,
			);
			name = ChessAppTests;
			productName = ChessAppTests;
			productReference = 76B6A4D228E1FA4C008249A8 /* ChessAppTests.xctest */;
			productType = "com.apple.product-type.bundle.unit-test";
		};
/* End PBXNativeTarget section */

/* Begin PBXProject section */
		76B6A4BA28E1FA47008249A8 /* Project object */ = {
			isa = PBXProject;
			attributes = {
				BuildIndependentTargetsInParallel = 1;
				LastSwiftUpdateCheck = 1340;
				LastUpgradeCheck = 1340;
				TargetAttributes = {
					76B6A4C128E1FA47008249A8 = {
						CreatedOnToolsVersion = 13.4.1;
					};
					76B6A4D128E1FA4C008249A8 = {
						CreatedOnToolsVersion = 13.4.1;
						TestTargetID = 76B6A4C128E1FA47008249A8;
					};
				};
			};
			buildConfigurationList = 76B6A4BD28E1FA47008249A8 /* Build configuration list for PBXProject "ChessApp" */;
			compatibilityVersion = "Xcode 13.0";
			developmentRegion = en;
			hasScannedForEncodings = 0;
			knownRegions = (
				en,
				Base,
			);
			mainGroup = 76B6A4B928E1FA47008249A8;
			productRefGroup = 76B6A4C328E1FA48008249A8 /* Products */;
			projectDirPath = "";
			projectRoot = "";
			targets = (
				76B6A4C128E1FA47008249A8 /* ChessApp */,
				76B6A4D128E1FA4C008249A8 /* ChessAppTests */,
			);
		};
/* End PBXProject section */

/* Begin PBXResourcesBuildPhase section */
		76B6A4C028E1FA47008249A8 /* Resources */ = {
			isa = PBXResourcesBuildPhase;
			buildActionMask = 2147483647;
			files = (
				76B6A4CD28E1FA4C008249A8 /* Preview Assets.xcassets in Resources */,
				76B6A4CA28E1FA4C008249A8 /* Assets.xcassets in Resources */,
			);
			runOnlyForDeploymentPostprocessing = 0;
		};
		76B6A4D028E1FA4C008249A8 /* Resources */ = {
			isa = PBXResourcesBuildPhase;
			buildActionMask = 2147483647;
			files = (
			);
			runOnlyForDeploymentPostprocessing = 0;
		};
/* End PBXResourcesBuildPhase section */

/* Begin PBXSourcesBuildPhase section */
		76B6A4BE28E1FA47008249A8 /* Sources */ = {
			isa = PBXSourcesBuildPhase;
			buildActionMask = 2147483647;
			files = (
				76B6A4F928E315E6008249A8 /* Coordinates.swift in Sources */,
				76B6A4C828E1FA48008249A8 /* ContentView.swift in Sources */,
				76B6A4C628E1FA48008249A8 /* ChessAppApp.swift in Sources */,
				76B6A4F028E2D9E6008249A8 /* Board.swift in Sources */,
				76B6A4F528E2F26D008249A8 /* PlayerType.swift in Sources */,
				76B6A4F728E313B5008249A8 /* Player.swift in Sources */,
				76D5A90C28E352F300688046 /* Match.swift in Sources */,
				76B6A4F328E2F25F008249A8 /* Pawn.swift in Sources */,
			);
			runOnlyForDeploymentPostprocessing = 0;
		};
		76B6A4CE28E1FA4C008249A8 /* Sources */ = {
			isa = PBXSourcesBuildPhase;
			buildActionMask = 2147483647;
			files = (
				76D5A90A28E3488700688046 /* MockPlayer.swift in Sources */,
				76B6A4D728E1FA4C008249A8 /* ChessAppTests.swift in Sources */,
			);
			runOnlyForDeploymentPostprocessing = 0;
		};
/* End PBXSourcesBuildPhase section */

/* Begin PBXTargetDependency section */
		76B6A4D428E1FA4C008249A8 /* PBXTargetDependency */ = {
			isa = PBXTargetDependency;
			target = 76B6A4C128E1FA47008249A8 /* ChessApp */;
			targetProxy = 76B6A4D328E1FA4C008249A8 /* PBXContainerItemProxy */;
		};
/* End PBXTargetDependency section */

/* Begin XCBuildConfiguration section */
		76B6A4E428E1FA4D008249A8 /* Debug */ = {
			isa = XCBuildConfiguration;
			buildSettings = {
				ALWAYS_SEARCH_USER_PATHS = NO;
				CLANG_ANALYZER_NONNULL = YES;
				CLANG_ANALYZER_NUMBER_OBJECT_CONVERSION = YES_AGGRESSIVE;
				CLANG_CXX_LANGUAGE_STANDARD = "gnu++17";
				CLANG_ENABLE_MODULES = YES;
				CLANG_ENABLE_OBJC_ARC = YES;
				CLANG_ENABLE_OBJC_WEAK = YES;
				CLANG_WARN_BLOCK_CAPTURE_AUTORELEASING = YES;
				CLANG_WARN_BOOL_CONVERSION = YES;
				CLANG_WARN_COMMA = YES;
				CLANG_WARN_CONSTANT_CONVERSION = YES;
				CLANG_WARN_DEPRECATED_OBJC_IMPLEMENTATIONS = YES;
				CLANG_WARN_DIRECT_OBJC_ISA_USAGE = YES_ERROR;
				CLANG_WARN_DOCUMENTATION_COMMENTS = YES;
				CLANG_WARN_EMPTY_BODY = YES;
				CLANG_WARN_ENUM_CONVERSION = YES;
				CLANG_WARN_INFINITE_RECURSION = YES;
				CLANG_WARN_INT_CONVERSION = YES;
				CLANG_WARN_NON_LITERAL_NULL_CONVERSION = YES;
				CLANG_WARN_OBJC_IMPLICIT_RETAIN_SELF = YES;
				CLANG_WARN_OBJC_LITERAL_CONVERSION = YES;
				CLANG_WARN_OBJC_ROOT_CLASS = YES_ERROR;
				CLANG_WARN_QUOTED_INCLUDE_IN_FRAMEWORK_HEADER = YES;
				CLANG_WARN_RANGE_LOOP_ANALYSIS = YES;
				CLANG_WARN_STRICT_PROTOTYPES = YES;
				CLANG_WARN_SUSPICIOUS_MOVE = YES;
				CLANG_WARN_UNGUARDED_AVAILABILITY = YES_AGGRESSIVE;
				CLANG_WARN_UNREACHABLE_CODE = YES;
				CLANG_WARN__DUPLICATE_METHOD_MATCH = YES;
				COPY_PHASE_STRIP = NO;
				DEBUG_INFORMATION_FORMAT = dwarf;
				ENABLE_STRICT_OBJC_MSGSEND = YES;
				ENABLE_TESTABILITY = YES;
				GCC_C_LANGUAGE_STANDARD = gnu11;
				GCC_DYNAMIC_NO_PIC = NO;
				GCC_NO_COMMON_BLOCKS = YES;
				GCC_OPTIMIZATION_LEVEL = 0;
				GCC_PREPROCESSOR_DEFINITIONS = (
					"DEBUG=1",
					"$(inherited)",
				);
				GCC_WARN_64_TO_32_BIT_CONVERSION = YES;
				GCC_WARN_ABOUT_RETURN_TYPE = YES_ERROR;
				GCC_WARN_UNDECLARED_SELECTOR = YES;
				GCC_WARN_UNINITIALIZED_AUTOS = YES_AGGRESSIVE;
				GCC_WARN_UNUSED_FUNCTION = YES;
				GCC_WARN_UNUSED_VARIABLE = YES;
				IPHONEOS_DEPLOYMENT_TARGET = 15.5;
				MTL_ENABLE_DEBUG_INFO = INCLUDE_SOURCE;
				MTL_FAST_MATH = YES;
				ONLY_ACTIVE_ARCH = YES;
				SDKROOT = iphoneos;
				SWIFT_ACTIVE_COMPILATION_CONDITIONS = DEBUG;
				SWIFT_OPTIMIZATION_LEVEL = "-Onone";
			};
			name = Debug;
		};
		76B6A4E528E1FA4D008249A8 /* Release */ = {
			isa = XCBuildConfiguration;
			buildSettings = {
				ALWAYS_SEARCH_USER_PATHS = NO;
				CLANG_ANALYZER_NONNULL = YES;
				CLANG_ANALYZER_NUMBER_OBJECT_CONVERSION = YES_AGGRESSIVE;
				CLANG_CXX_LANGUAGE_STANDARD = "gnu++17";
				CLANG_ENABLE_MODULES = YES;
				CLANG_ENABLE_OBJC_ARC = YES;
				CLANG_ENABLE_OBJC_WEAK = YES;
				CLANG_WARN_BLOCK_CAPTURE_AUTORELEASING = YES;
				CLANG_WARN_BOOL_CONVERSION = YES;
				CLANG_WARN_COMMA = YES;
				CLANG_WARN_CONSTANT_CONVERSION = YES;
				CLANG_WARN_DEPRECATED_OBJC_IMPLEMENTATIONS = YES;
				CLANG_WARN_DIRECT_OBJC_ISA_USAGE = YES_ERROR;
				CLANG_WARN_DOCUMENTATION_COMMENTS = YES;
				CLANG_WARN_EMPTY_BODY = YES;
				CLANG_WARN_ENUM_CONVERSION = YES;
				CLANG_WARN_INFINITE_RECURSION = YES;
				CLANG_WARN_INT_CONVERSION = YES;
				CLANG_WARN_NON_LITERAL_NULL_CONVERSION = YES;
				CLANG_WARN_OBJC_IMPLICIT_RETAIN_SELF = YES;
				CLANG_WARN_OBJC_LITERAL_CONVERSION = YES;
				CLANG_WARN_OBJC_ROOT_CLASS = YES_ERROR;
				CLANG_WARN_QUOTED_INCLUDE_IN_FRAMEWORK_HEADER = YES;
				CLANG_WARN_RANGE_LOOP_ANALYSIS = YES;
				CLANG_WARN_STRICT_PROTOTYPES = YES;
				CLANG_WARN_SUSPICIOUS_MOVE = YES;
				CLANG_WARN_UNGUARDED_AVAILABILITY = YES_AGGRESSIVE;
				CLANG_WARN_UNREACHABLE_CODE = YES;
				CLANG_WARN__DUPLICATE_METHOD_MATCH = YES;
				COPY_PHASE_STRIP = NO;
				DEBUG_INFORMATION_FORMAT = "dwarf-with-dsym";
				ENABLE_NS_ASSERTIONS = NO;
				ENABLE_STRICT_OBJC_MSGSEND = YES;
				GCC_C_LANGUAGE_STANDARD = gnu11;
				GCC_NO_COMMON_BLOCKS = YES;
				GCC_WARN_64_TO_32_BIT_CONVERSION = YES;
				GCC_WARN_ABOUT_RETURN_TYPE = YES_ERROR;
				GCC_WARN_UNDECLARED_SELECTOR = YES;
				GCC_WARN_UNINITIALIZED_AUTOS = YES_AGGRESSIVE;
				GCC_WARN_UNUSED_FUNCTION = YES;
				GCC_WARN_UNUSED_VARIABLE = YES;
				IPHONEOS_DEPLOYMENT_TARGET = 15.5;
				MTL_ENABLE_DEBUG_INFO = NO;
				MTL_FAST_MATH = YES;
				SDKROOT = iphoneos;
				SWIFT_COMPILATION_MODE = wholemodule;
				SWIFT_OPTIMIZATION_LEVEL = "-O";
				VALIDATE_PRODUCT = YES;
			};
			name = Release;
		};
		76B6A4E728E1FA4D008249A8 /* Debug */ = {
			isa = XCBuildConfiguration;
			buildSettings = {
				ASSETCATALOG_COMPILER_APPICON_NAME = AppIcon;
				ASSETCATALOG_COMPILER_GLOBAL_ACCENT_COLOR_NAME = AccentColor;
				CODE_SIGN_STYLE = Automatic;
				CURRENT_PROJECT_VERSION = 1;
				DEVELOPMENT_ASSET_PATHS = "\"ChessApp/Preview Content\"";
				DEVELOPMENT_TEAM = 7A464AFW63;
				ENABLE_PREVIEWS = YES;
				GENERATE_INFOPLIST_FILE = YES;
				INFOPLIST_KEY_UIApplicationSceneManifest_Generation = YES;
				INFOPLIST_KEY_UIApplicationSupportsIndirectInputEvents = YES;
				INFOPLIST_KEY_UILaunchScreen_Generation = YES;
				INFOPLIST_KEY_UISupportedInterfaceOrientations_iPad = "UIInterfaceOrientationPortrait UIInterfaceOrientationPortraitUpsideDown UIInterfaceOrientationLandscapeLeft UIInterfaceOrientationLandscapeRight";
				INFOPLIST_KEY_UISupportedInterfaceOrientations_iPhone = "UIInterfaceOrientationPortrait UIInterfaceOrientationLandscapeLeft UIInterfaceOrientationLandscapeRight";
				LD_RUNPATH_SEARCH_PATHS = (
					"$(inherited)",
					"@executable_path/Frameworks",
				);
				MARKETING_VERSION = 1.0;
				PRODUCT_BUNDLE_IDENTIFIER = "Jisun-Kim.ChessApp";
				PRODUCT_NAME = "$(TARGET_NAME)";
				SWIFT_EMIT_LOC_STRINGS = YES;
				SWIFT_VERSION = 5.0;
				TARGETED_DEVICE_FAMILY = "1,2";
			};
			name = Debug;
		};
		76B6A4E828E1FA4D008249A8 /* Release */ = {
			isa = XCBuildConfiguration;
			buildSettings = {
				ASSETCATALOG_COMPILER_APPICON_NAME = AppIcon;
				ASSETCATALOG_COMPILER_GLOBAL_ACCENT_COLOR_NAME = AccentColor;
				CODE_SIGN_STYLE = Automatic;
				CURRENT_PROJECT_VERSION = 1;
				DEVELOPMENT_ASSET_PATHS = "\"ChessApp/Preview Content\"";
				DEVELOPMENT_TEAM = 7A464AFW63;
				ENABLE_PREVIEWS = YES;
				GENERATE_INFOPLIST_FILE = YES;
				INFOPLIST_KEY_UIApplicationSceneManifest_Generation = YES;
				INFOPLIST_KEY_UIApplicationSupportsIndirectInputEvents = YES;
				INFOPLIST_KEY_UILaunchScreen_Generation = YES;
				INFOPLIST_KEY_UISupportedInterfaceOrientations_iPad = "UIInterfaceOrientationPortrait UIInterfaceOrientationPortraitUpsideDown UIInterfaceOrientationLandscapeLeft UIInterfaceOrientationLandscapeRight";
				INFOPLIST_KEY_UISupportedInterfaceOrientations_iPhone = "UIInterfaceOrientationPortrait UIInterfaceOrientationLandscapeLeft UIInterfaceOrientationLandscapeRight";
				LD_RUNPATH_SEARCH_PATHS = (
					"$(inherited)",
					"@executable_path/Frameworks",
				);
				MARKETING_VERSION = 1.0;
				PRODUCT_BUNDLE_IDENTIFIER = "Jisun-Kim.ChessApp";
				PRODUCT_NAME = "$(TARGET_NAME)";
				SWIFT_EMIT_LOC_STRINGS = YES;
				SWIFT_VERSION = 5.0;
				TARGETED_DEVICE_FAMILY = "1,2";
			};
			name = Release;
		};
		76B6A4EA28E1FA4D008249A8 /* Debug */ = {
			isa = XCBuildConfiguration;
			buildSettings = {
				ALWAYS_EMBED_SWIFT_STANDARD_LIBRARIES = YES;
				BUNDLE_LOADER = "$(TEST_HOST)";
				CODE_SIGN_STYLE = Automatic;
				CURRENT_PROJECT_VERSION = 1;
				DEVELOPMENT_TEAM = 7A464AFW63;
				GENERATE_INFOPLIST_FILE = YES;
				IPHONEOS_DEPLOYMENT_TARGET = 15.5;
				MARKETING_VERSION = 1.0;
				PRODUCT_BUNDLE_IDENTIFIER = "Jisun-Kim.ChessAppTests";
				PRODUCT_NAME = "$(TARGET_NAME)";
				SWIFT_EMIT_LOC_STRINGS = NO;
				SWIFT_VERSION = 5.0;
				TARGETED_DEVICE_FAMILY = "1,2";
				TEST_HOST = "$(BUILT_PRODUCTS_DIR)/ChessApp.app/ChessApp";
			};
			name = Debug;
		};
		76B6A4EB28E1FA4D008249A8 /* Release */ = {
			isa = XCBuildConfiguration;
			buildSettings = {
				ALWAYS_EMBED_SWIFT_STANDARD_LIBRARIES = YES;
				BUNDLE_LOADER = "$(TEST_HOST)";
				CODE_SIGN_STYLE = Automatic;
				CURRENT_PROJECT_VERSION = 1;
				DEVELOPMENT_TEAM = 7A464AFW63;
				GENERATE_INFOPLIST_FILE = YES;
				IPHONEOS_DEPLOYMENT_TARGET = 15.5;
				MARKETING_VERSION = 1.0;
				PRODUCT_BUNDLE_IDENTIFIER = "Jisun-Kim.ChessAppTests";
				PRODUCT_NAME = "$(TARGET_NAME)";
				SWIFT_EMIT_LOC_STRINGS = NO;
				SWIFT_VERSION = 5.0;
				TARGETED_DEVICE_FAMILY = "1,2";
				TEST_HOST = "$(BUILT_PRODUCTS_DIR)/ChessApp.app/ChessApp";
			};
			name = Release;
		};
/* End XCBuildConfiguration section */

/* Begin XCConfigurationList section */
		76B6A4BD28E1FA47008249A8 /* Build configuration list for PBXProject "ChessApp" */ = {
			isa = XCConfigurationList;
			buildConfigurations = (
				76B6A4E428E1FA4D008249A8 /* Debug */,
				76B6A4E528E1FA4D008249A8 /* Release */,
			);
			defaultConfigurationIsVisible = 0;
			defaultConfigurationName = Release;
		};
		76B6A4E628E1FA4D008249A8 /* Build configuration list for PBXNativeTarget "ChessApp" */ = {
			isa = XCConfigurationList;
			buildConfigurations = (
				76B6A4E728E1FA4D008249A8 /* Debug */,
				76B6A4E828E1FA4D008249A8 /* Release */,
			);
			defaultConfigurationIsVisible = 0;
			defaultConfigurationName = Release;
		};
		76B6A4E928E1FA4D008249A8 /* Build configuration list for PBXNativeTarget "ChessAppTests" */ = {
			isa = XCConfigurationList;
			buildConfigurations = (
				76B6A4EA28E1FA4D008249A8 /* Debug */,
				76B6A4EB28E1FA4D008249A8 /* Release */,
			);
			defaultConfigurationIsVisible = 0;
			defaultConfigurationName = Release;
		};
/* End XCConfigurationList section */
	};
	rootObject = 76B6A4BA28E1FA47008249A8 /* Project object */;
}
